// !$*UTF8*$!
{
	archiveVersion = 1;
	classes = {
	};
	objectVersion = 55;
	objects = {

/* Begin PBXBuildFile section */
		C9F0CED9FFA98E3067D0ADD3 /* Pods_SberInnovation.framework in Frameworks */ = {isa = PBXBuildFile; fileRef = 95A1CEB53A80B78BD4B68E1A /* Pods_SberInnovation.framework */; };
		D0820EC3276D2BA800D2D558 /* PullUpController.swift in Sources */ = {isa = PBXBuildFile; fileRef = D0820EC2276D2BA800D2D558 /* PullUpController.swift */; };
		D0AE16C6276D1CA7007F09C0 /* AppDelegate.swift in Sources */ = {isa = PBXBuildFile; fileRef = D0AE16C5276D1CA7007F09C0 /* AppDelegate.swift */; };
		D0AE16CA276D1CA7007F09C0 /* FeatureViewController.swift in Sources */ = {isa = PBXBuildFile; fileRef = D0AE16C9276D1CA7007F09C0 /* FeatureViewController.swift */; };
		D0AE16CD276D1CA7007F09C0 /* Main.storyboard in Resources */ = {isa = PBXBuildFile; fileRef = D0AE16CB276D1CA7007F09C0 /* Main.storyboard */; };
		D0AE16CF276D1CA8007F09C0 /* Assets.xcassets in Resources */ = {isa = PBXBuildFile; fileRef = D0AE16CE276D1CA8007F09C0 /* Assets.xcassets */; };
		D0AE16D2276D1CA8007F09C0 /* LaunchScreen.storyboard in Resources */ = {isa = PBXBuildFile; fileRef = D0AE16D0276D1CA8007F09C0 /* LaunchScreen.storyboard */; };
/* End PBXBuildFile section */

/* Begin PBXFileReference section */
		47B16788B0A44AB0573A226A /* Pods-SberInnovation.release.xcconfig */ = {isa = PBXFileReference; includeInIndex = 1; lastKnownFileType = text.xcconfig; name = "Pods-SberInnovation.release.xcconfig"; path = "Target Support Files/Pods-SberInnovation/Pods-SberInnovation.release.xcconfig"; sourceTree = "<group>"; };
		95A1CEB53A80B78BD4B68E1A /* Pods_SberInnovation.framework */ = {isa = PBXFileReference; explicitFileType = wrapper.framework; includeInIndex = 0; path = Pods_SberInnovation.framework; sourceTree = BUILT_PRODUCTS_DIR; };
		ACB55D81DF6F16074F6B0384 /* Pods-SberInnovation.debug.xcconfig */ = {isa = PBXFileReference; includeInIndex = 1; lastKnownFileType = text.xcconfig; name = "Pods-SberInnovation.debug.xcconfig"; path = "Target Support Files/Pods-SberInnovation/Pods-SberInnovation.debug.xcconfig"; sourceTree = "<group>"; };
		D0820EC2276D2BA800D2D558 /* PullUpController.swift */ = {isa = PBXFileReference; lastKnownFileType = sourcecode.swift; path = PullUpController.swift; sourceTree = "<group>"; };
		D0AE16C2276D1CA7007F09C0 /* SberInnovation.app */ = {isa = PBXFileReference; explicitFileType = wrapper.application; includeInIndex = 0; path = SberInnovation.app; sourceTree = BUILT_PRODUCTS_DIR; };
		D0AE16C5276D1CA7007F09C0 /* AppDelegate.swift */ = {isa = PBXFileReference; lastKnownFileType = sourcecode.swift; path = AppDelegate.swift; sourceTree = "<group>"; };
		D0AE16C9276D1CA7007F09C0 /* FeatureViewController.swift */ = {isa = PBXFileReference; lastKnownFileType = sourcecode.swift; path = FeatureViewController.swift; sourceTree = "<group>"; };
		D0AE16CC276D1CA7007F09C0 /* Base */ = {isa = PBXFileReference; lastKnownFileType = file.storyboard; name = Base; path = Base.lproj/Main.storyboard; sourceTree = "<group>"; };
		D0AE16CE276D1CA8007F09C0 /* Assets.xcassets */ = {isa = PBXFileReference; lastKnownFileType = folder.assetcatalog; path = Assets.xcassets; sourceTree = "<group>"; };
		D0AE16D1276D1CA8007F09C0 /* Base */ = {isa = PBXFileReference; lastKnownFileType = file.storyboard; name = Base; path = Base.lproj/LaunchScreen.storyboard; sourceTree = "<group>"; };
		D0AE16D3276D1CA8007F09C0 /* Info.plist */ = {isa = PBXFileReference; lastKnownFileType = text.plist.xml; path = Info.plist; sourceTree = "<group>"; };
/* End PBXFileReference section */

/* Begin PBXFrameworksBuildPhase section */
		D0AE16BF276D1CA7007F09C0 /* Frameworks */ = {
			isa = PBXFrameworksBuildPhase;
			buildActionMask = 2147483647;
			files = (
				C9F0CED9FFA98E3067D0ADD3 /* Pods_SberInnovation.framework in Frameworks */,
			);
			runOnlyForDeploymentPostprocessing = 0;
		};
/* End PBXFrameworksBuildPhase section */

/* Begin PBXGroup section */
		6929DD46407F99B601EE4FD7 /* Pods */ = {
			isa = PBXGroup;
			children = (
				ACB55D81DF6F16074F6B0384 /* Pods-SberInnovation.debug.xcconfig */,
				47B16788B0A44AB0573A226A /* Pods-SberInnovation.release.xcconfig */,
			);
			path = Pods;
			sourceTree = "<group>";
		};
		9995545B72ADA7B9D91F8FC4 /* Frameworks */ = {
			isa = PBXGroup;
			children = (
				95A1CEB53A80B78BD4B68E1A /* Pods_SberInnovation.framework */,
			);
			name = Frameworks;
			sourceTree = "<group>";
		};
		D0AE16B9276D1CA7007F09C0 = {
			isa = PBXGroup;
			children = (
				D0AE16C4276D1CA7007F09C0 /* SberInnovation */,
				D0AE16C3276D1CA7007F09C0 /* Products */,
				6929DD46407F99B601EE4FD7 /* Pods */,
				9995545B72ADA7B9D91F8FC4 /* Frameworks */,
			);
			sourceTree = "<group>";
		};
		D0AE16C3276D1CA7007F09C0 /* Products */ = {
			isa = PBXGroup;
			children = (
				D0AE16C2276D1CA7007F09C0 /* SberInnovation.app */,
			);
			name = Products;
			sourceTree = "<group>";
		};
		D0AE16C4276D1CA7007F09C0 /* SberInnovation */ = {
			isa = PBXGroup;
			children = (
				D0AE16C5276D1CA7007F09C0 /* AppDelegate.swift */,
				D0AE16C9276D1CA7007F09C0 /* FeatureViewController.swift */,
				D0AE16CB276D1CA7007F09C0 /* Main.storyboard */,
				D0AE16CE276D1CA8007F09C0 /* Assets.xcassets */,
				D0AE16D0276D1CA8007F09C0 /* LaunchScreen.storyboard */,
				D0AE16D3276D1CA8007F09C0 /* Info.plist */,
				D0820EC2276D2BA800D2D558 /* PullUpController.swift */,
			);
			path = SberInnovation;
			sourceTree = "<group>";
		};
/* End PBXGroup section */

/* Begin PBXNativeTarget section */
		D0AE16C1276D1CA7007F09C0 /* SberInnovation */ = {
			isa = PBXNativeTarget;
			buildConfigurationList = D0AE16D6276D1CA8007F09C0 /* Build configuration list for PBXNativeTarget "SberInnovation" */;
			buildPhases = (
				A080CE49B01ED52A612954D4 /* [CP] Check Pods Manifest.lock */,
				D0AE16BE276D1CA7007F09C0 /* Sources */,
				D0AE16BF276D1CA7007F09C0 /* Frameworks */,
				D0AE16C0276D1CA7007F09C0 /* Resources */,
				59AE45CCBF74AE8F01D651C1 /* [CP] Embed Pods Frameworks */,
				BF755D53E2B9B23118BA4C77 /* [CP] Copy Pods Resources */,
			);
			buildRules = (
			);
			dependencies = (
			);
			name = SberInnovation;
			productName = SberInnovation;
			productReference = D0AE16C2276D1CA7007F09C0 /* SberInnovation.app */;
			productType = "com.apple.product-type.application";
		};
/* End PBXNativeTarget section */

/* Begin PBXProject section */
		D0AE16BA276D1CA7007F09C0 /* Project object */ = {
			isa = PBXProject;
			attributes = {
				BuildIndependentTargetsInParallel = 1;
				LastSwiftUpdateCheck = 1310;
				LastUpgradeCheck = 1310;
				TargetAttributes = {
					D0AE16C1276D1CA7007F09C0 = {
						CreatedOnToolsVersion = 13.1;
					};
				};
			};
			buildConfigurationList = D0AE16BD276D1CA7007F09C0 /* Build configuration list for PBXProject "SberInnovation" */;
			compatibilityVersion = "Xcode 13.0";
			developmentRegion = en;
			hasScannedForEncodings = 0;
			knownRegions = (
				en,
				Base,
			);
			mainGroup = D0AE16B9276D1CA7007F09C0;
			productRefGroup = D0AE16C3276D1CA7007F09C0 /* Products */;
			projectDirPath = "";
			projectRoot = "";
			targets = (
				D0AE16C1276D1CA7007F09C0 /* SberInnovation */,
			);
		};
/* End PBXProject section */

/* Begin PBXResourcesBuildPhase section */
		D0AE16C0276D1CA7007F09C0 /* Resources */ = {
			isa = PBXResourcesBuildPhase;
			buildActionMask = 2147483647;
			files = (
				D0AE16D2276D1CA8007F09C0 /* LaunchScreen.storyboard in Resources */,
				D0AE16CF276D1CA8007F09C0 /* Assets.xcassets in Resources */,
				D0AE16CD276D1CA7007F09C0 /* Main.storyboard in Resources */,
			);
			runOnlyForDeploymentPostprocessing = 0;
		};
/* End PBXResourcesBuildPhase section */

/* Begin PBXShellScriptBuildPhase section */
		59AE45CCBF74AE8F01D651C1 /* [CP] Embed Pods Frameworks */ = {
			isa = PBXShellScriptBuildPhase;
			buildActionMask = 2147483647;
			files = (
			);
			inputFileListPaths = (
				"${PODS_ROOT}/Target Support Files/Pods-SberInnovation/Pods-SberInnovation-frameworks-${CONFIGURATION}-input-files.xcfilelist",
			);
			name = "[CP] Embed Pods Frameworks";
			outputFileListPaths = (
				"${PODS_ROOT}/Target Support Files/Pods-SberInnovation/Pods-SberInnovation-frameworks-${CONFIGURATION}-output-files.xcfilelist",
			);
			runOnlyForDeploymentPostprocessing = 0;
			shellPath = /bin/sh;
			shellScript = "\"${PODS_ROOT}/Target Support Files/Pods-SberInnovation/Pods-SberInnovation-frameworks.sh\"\n";
			showEnvVarsInLog = 0;
		};
		A080CE49B01ED52A612954D4 /* [CP] Check Pods Manifest.lock */ = {
			isa = PBXShellScriptBuildPhase;
			buildActionMask = 2147483647;
			files = (
			);
			inputFileListPaths = (
			);
			inputPaths = (
				"${PODS_PODFILE_DIR_PATH}/Podfile.lock",
				"${PODS_ROOT}/Manifest.lock",
			);
			name = "[CP] Check Pods Manifest.lock";
			outputFileListPaths = (
			);
			outputPaths = (
				"$(DERIVED_FILE_DIR)/Pods-SberInnovation-checkManifestLockResult.txt",
			);
			runOnlyForDeploymentPostprocessing = 0;
			shellPath = /bin/sh;
			shellScript = "diff \"${PODS_PODFILE_DIR_PATH}/Podfile.lock\" \"${PODS_ROOT}/Manifest.lock\" > /dev/null\nif [ $? != 0 ] ; then\n    # print error to STDERR\n    echo \"error: The sandbox is not in sync with the Podfile.lock. Run 'pod install' or update your CocoaPods installation.\" >&2\n    exit 1\nfi\n# This output is used by Xcode 'outputs' to avoid re-running this script phase.\necho \"SUCCESS\" > \"${SCRIPT_OUTPUT_FILE_0}\"\n";
			showEnvVarsInLog = 0;
		};
		BF755D53E2B9B23118BA4C77 /* [CP] Copy Pods Resources */ = {
			isa = PBXShellScriptBuildPhase;
			buildActionMask = 2147483647;
			files = (
			);
			inputFileListPaths = (
				"${PODS_ROOT}/Target Support Files/Pods-SberInnovation/Pods-SberInnovation-resources-${CONFIGURATION}-input-files.xcfilelist",
			);
			name = "[CP] Copy Pods Resources";
			outputFileListPaths = (
				"${PODS_ROOT}/Target Support Files/Pods-SberInnovation/Pods-SberInnovation-resources-${CONFIGURATION}-output-files.xcfilelist",
			);
			runOnlyForDeploymentPostprocessing = 0;
			shellPath = /bin/sh;
			shellScript = "\"${PODS_ROOT}/Target Support Files/Pods-SberInnovation/Pods-SberInnovation-resources.sh\"\n";
			showEnvVarsInLog = 0;
		};
/* End PBXShellScriptBuildPhase section */

/* Begin PBXSourcesBuildPhase section */
		D0AE16BE276D1CA7007F09C0 /* Sources */ = {
			isa = PBXSourcesBuildPhase;
			buildActionMask = 2147483647;
			files = (
				D0AE16CA276D1CA7007F09C0 /* FeatureViewController.swift in Sources */,
				D0820EC3276D2BA800D2D558 /* PullUpController.swift in Sources */,
				D0AE16C6276D1CA7007F09C0 /* AppDelegate.swift in Sources */,
			);
			runOnlyForDeploymentPostprocessing = 0;
		};
/* End PBXSourcesBuildPhase section */

/* Begin PBXVariantGroup section */
		D0AE16CB276D1CA7007F09C0 /* Main.storyboard */ = {
			isa = PBXVariantGroup;
			children = (
				D0AE16CC276D1CA7007F09C0 /* Base */,
			);
			name = Main.storyboard;
			sourceTree = "<group>";
		};
		D0AE16D0276D1CA8007F09C0 /* LaunchScreen.storyboard */ = {
			isa = PBXVariantGroup;
			children = (
				D0AE16D1276D1CA8007F09C0 /* Base */,
			);
			name = LaunchScreen.storyboard;
			sourceTree = "<group>";
		};
/* End PBXVariantGroup section */

/* Begin XCBuildConfiguration section */
		D0AE16D4276D1CA8007F09C0 /* Debug */ = {
			isa = XCBuildConfiguration;
			buildSettings = {
				ALWAYS_SEARCH_USER_PATHS = NO;
				CLANG_ANALYZER_NONNULL = YES;
				CLANG_ANALYZER_NUMBER_OBJECT_CONVERSION = YES_AGGRESSIVE;
				CLANG_CXX_LANGUAGE_STANDARD = "gnu++17";
				CLANG_CXX_LIBRARY = "libc++";
				CLANG_ENABLE_MODULES = YES;
				CLANG_ENABLE_OBJC_ARC = YES;
				CLANG_ENABLE_OBJC_WEAK = YES;
				CLANG_WARN_BLOCK_CAPTURE_AUTORELEASING = YES;
				CLANG_WARN_BOOL_CONVERSION = YES;
				CLANG_WARN_COMMA = YES;
				CLANG_WARN_CONSTANT_CONVERSION = YES;
				CLANG_WARN_DEPRECATED_OBJC_IMPLEMENTATIONS = YES;
				CLANG_WARN_DIRECT_OBJC_ISA_USAGE = YES_ERROR;
				CLANG_WARN_DOCUMENTATION_COMMENTS = YES;
				CLANG_WARN_EMPTY_BODY = YES;
				CLANG_WARN_ENUM_CONVERSION = YES;
				CLANG_WARN_INFINITE_RECURSION = YES;
				CLANG_WARN_INT_CONVERSION = YES;
				CLANG_WARN_NON_LITERAL_NULL_CONVERSION = YES;
				CLANG_WARN_OBJC_IMPLICIT_RETAIN_SELF = YES;
				CLANG_WARN_OBJC_LITERAL_CONVERSION = YES;
				CLANG_WARN_OBJC_ROOT_CLASS = YES_ERROR;
				CLANG_WARN_QUOTED_INCLUDE_IN_FRAMEWORK_HEADER = YES;
				CLANG_WARN_RANGE_LOOP_ANALYSIS = YES;
				CLANG_WARN_STRICT_PROTOTYPES = YES;
				CLANG_WARN_SUSPICIOUS_MOVE = YES;
				CLANG_WARN_UNGUARDED_AVAILABILITY = YES_AGGRESSIVE;
				CLANG_WARN_UNREACHABLE_CODE = YES;
				CLANG_WARN__DUPLICATE_METHOD_MATCH = YES;
				COPY_PHASE_STRIP = NO;
				DEBUG_INFORMATION_FORMAT = dwarf;
				ENABLE_STRICT_OBJC_MSGSEND = YES;
				ENABLE_TESTABILITY = YES;
				GCC_C_LANGUAGE_STANDARD = gnu11;
				GCC_DYNAMIC_NO_PIC = NO;
				GCC_NO_COMMON_BLOCKS = YES;
				GCC_OPTIMIZATION_LEVEL = 0;
				GCC_PREPROCESSOR_DEFINITIONS = (
					"DEBUG=1",
					"$(inherited)",
				);
				GCC_WARN_64_TO_32_BIT_CONVERSION = YES;
				GCC_WARN_ABOUT_RETURN_TYPE = YES_ERROR;
				GCC_WARN_UNDECLARED_SELECTOR = YES;
				GCC_WARN_UNINITIALIZED_AUTOS = YES_AGGRESSIVE;
				GCC_WARN_UNUSED_FUNCTION = YES;
				GCC_WARN_UNUSED_VARIABLE = YES;
				IPHONEOS_DEPLOYMENT_TARGET = 15.0;
				MTL_ENABLE_DEBUG_INFO = INCLUDE_SOURCE;
				MTL_FAST_MATH = YES;
				ONLY_ACTIVE_ARCH = YES;
				SDKROOT = iphoneos;
				SWIFT_ACTIVE_COMPILATION_CONDITIONS = DEBUG;
				SWIFT_OPTIMIZATION_LEVEL = "-Onone";
			};
			name = Debug;
		};
		D0AE16D5276D1CA8007F09C0 /* Release */ = {
			isa = XCBuildConfiguration;
			buildSettings = {
				ALWAYS_SEARCH_USER_PATHS = NO;
				CLANG_ANALYZER_NONNULL = YES;
				CLANG_ANALYZER_NUMBER_OBJECT_CONVERSION = YES_AGGRESSIVE;
				CLANG_CXX_LANGUAGE_STANDARD = "gnu++17";
				CLANG_CXX_LIBRARY = "libc++";
				CLANG_ENABLE_MODULES = YES;
				CLANG_ENABLE_OBJC_ARC = YES;
				CLANG_ENABLE_OBJC_WEAK = YES;
				CLANG_WARN_BLOCK_CAPTURE_AUTORELEASING = YES;
				CLANG_WARN_BOOL_CONVERSION = YES;
				CLANG_WARN_COMMA = YES;
				CLANG_WARN_CONSTANT_CONVERSION = YES;
				CLANG_WARN_DEPRECATED_OBJC_IMPLEMENTATIONS = YES;
				CLANG_WARN_DIRECT_OBJC_ISA_USAGE = YES_ERROR;
				CLANG_WARN_DOCUMENTATION_COMMENTS = YES;
				CLANG_WARN_EMPTY_BODY = YES;
				CLANG_WARN_ENUM_CONVERSION = YES;
				CLANG_WARN_INFINITE_RECURSION = YES;
				CLANG_WARN_INT_CONVERSION = YES;
				CLANG_WARN_NON_LITERAL_NULL_CONVERSION = YES;
				CLANG_WARN_OBJC_IMPLICIT_RETAIN_SELF = YES;
				CLANG_WARN_OBJC_LITERAL_CONVERSION = YES;
				CLANG_WARN_OBJC_ROOT_CLASS = YES_ERROR;
				CLANG_WARN_QUOTED_INCLUDE_IN_FRAMEWORK_HEADER = YES;
				CLANG_WARN_RANGE_LOOP_ANALYSIS = YES;
				CLANG_WARN_STRICT_PROTOTYPES = YES;
				CLANG_WARN_SUSPICIOUS_MOVE = YES;
				CLANG_WARN_UNGUARDED_AVAILABILITY = YES_AGGRESSIVE;
				CLANG_WARN_UNREACHABLE_CODE = YES;
				CLANG_WARN__DUPLICATE_METHOD_MATCH = YES;
				COPY_PHASE_STRIP = NO;
				DEBUG_INFORMATION_FORMAT = "dwarf-with-dsym";
				ENABLE_NS_ASSERTIONS = NO;
				ENABLE_STRICT_OBJC_MSGSEND = YES;
				GCC_C_LANGUAGE_STANDARD = gnu11;
				GCC_NO_COMMON_BLOCKS = YES;
				GCC_WARN_64_TO_32_BIT_CONVERSION = YES;
				GCC_WARN_ABOUT_RETURN_TYPE = YES_ERROR;
				GCC_WARN_UNDECLARED_SELECTOR = YES;
				GCC_WARN_UNINITIALIZED_AUTOS = YES_AGGRESSIVE;
				GCC_WARN_UNUSED_FUNCTION = YES;
				GCC_WARN_UNUSED_VARIABLE = YES;
				IPHONEOS_DEPLOYMENT_TARGET = 15.0;
				MTL_ENABLE_DEBUG_INFO = NO;
				MTL_FAST_MATH = YES;
				SDKROOT = iphoneos;
				SWIFT_COMPILATION_MODE = wholemodule;
				SWIFT_OPTIMIZATION_LEVEL = "-O";
				VALIDATE_PRODUCT = YES;
			};
			name = Release;
		};
		D0AE16D7276D1CA8007F09C0 /* Debug */ = {
			isa = XCBuildConfiguration;
			baseConfigurationReference = ACB55D81DF6F16074F6B0384 /* Pods-SberInnovation.debug.xcconfig */;
			buildSettings = {
				ASSETCATALOG_COMPILER_APPICON_NAME = AppIcon;
				ASSETCATALOG_COMPILER_GLOBAL_ACCENT_COLOR_NAME = AccentColor;
				CODE_SIGN_STYLE = Automatic;
				CURRENT_PROJECT_VERSION = 1;
				DEVELOPMENT_TEAM = 8UMD8V85XX;
				GENERATE_INFOPLIST_FILE = YES;
				INFOPLIST_FILE = SberInnovation/Info.plist;
				INFOPLIST_KEY_UIApplicationSupportsIndirectInputEvents = YES;
				INFOPLIST_KEY_UILaunchStoryboardName = LaunchScreen;
				INFOPLIST_KEY_UIMainStoryboardFile = Main;
				INFOPLIST_KEY_UISupportedInterfaceOrientations_iPad = "UIInterfaceOrientationPortrait UIInterfaceOrientationPortraitUpsideDown UIInterfaceOrientationLandscapeLeft UIInterfaceOrientationLandscapeRight";
				INFOPLIST_KEY_UISupportedInterfaceOrientations_iPhone = "UIInterfaceOrientationPortrait UIInterfaceOrientationLandscapeLeft UIInterfaceOrientationLandscapeRight";
				IPHONEOS_DEPLOYMENT_TARGET = 15.0;
				LD_RUNPATH_SEARCH_PATHS = (
					"$(inherited)",
					"@executable_path/Frameworks",
				);
				MARKETING_VERSION = 1.0;
				PRODUCT_BUNDLE_IDENTIFIER = tester.toster.SberInnovation;
				PRODUCT_NAME = "$(TARGET_NAME)";
				SWIFT_EMIT_LOC_STRINGS = YES;
				SWIFT_VERSION = 5.0;
				TARGETED_DEVICE_FAMILY = "1,2";
			};
			name = Debug;
		};
		D0AE16D8276D1CA8007F09C0 /* Release */ = {
			isa = XCBuildConfiguration;
			baseConfigurationReference = 47B16788B0A44AB0573A226A /* Pods-SberInnovation.release.xcconfig */;
			buildSettings = {
				ASSETCATALOG_COMPILER_APPICON_NAME = AppIcon;
				ASSETCATALOG_COMPILER_GLOBAL_ACCENT_COLOR_NAME = AccentColor;
				CODE_SIGN_STYLE = Automatic;
				CURRENT_PROJECT_VERSION = 1;
				DEVELOPMENT_TEAM = 8UMD8V85XX;
				GENERATE_INFOPLIST_FILE = YES;
				INFOPLIST_FILE = SberInnovation/Info.plist;
				INFOPLIST_KEY_UIApplicationSupportsIndirectInputEvents = YES;
				INFOPLIST_KEY_UILaunchStoryboardName = LaunchScreen;
				INFOPLIST_KEY_UIMainStoryboardFile = Main;
				INFOPLIST_KEY_UISupportedInterfaceOrientations_iPad = "UIInterfaceOrientationPortrait UIInterfaceOrientationPortraitUpsideDown UIInterfaceOrientationLandscapeLeft UIInterfaceOrientationLandscapeRight";
				INFOPLIST_KEY_UISupportedInterfaceOrientations_iPhone = "UIInterfaceOrientationPortrait UIInterfaceOrientationLandscapeLeft UIInterfaceOrientationLandscapeRight";
				IPHONEOS_DEPLOYMENT_TARGET = 15.0;
				LD_RUNPATH_SEARCH_PATHS = (
					"$(inherited)",
					"@executable_path/Frameworks",
				);
				MARKETING_VERSION = 1.0;
				PRODUCT_BUNDLE_IDENTIFIER = tester.toster.SberInnovation;
				PRODUCT_NAME = "$(TARGET_NAME)";
				SWIFT_EMIT_LOC_STRINGS = YES;
				SWIFT_VERSION = 5.0;
				TARGETED_DEVICE_FAMILY = "1,2";
			};
			name = Release;
		};
/* End XCBuildConfiguration section */

/* Begin XCConfigurationList section */
		D0AE16BD276D1CA7007F09C0 /* Build configuration list for PBXProject "SberInnovation" */ = {
			isa = XCConfigurationList;
			buildConfigurations = (
				D0AE16D4276D1CA8007F09C0 /* Debug */,
				D0AE16D5276D1CA8007F09C0 /* Release */,
			);
			defaultConfigurationIsVisible = 0;
			defaultConfigurationName = Release;
		};
		D0AE16D6276D1CA8007F09C0 /* Build configuration list for PBXNativeTarget "SberInnovation" */ = {
			isa = XCConfigurationList;
			buildConfigurations = (
				D0AE16D7276D1CA8007F09C0 /* Debug */,
				D0AE16D8276D1CA8007F09C0 /* Release */,
			);
			defaultConfigurationIsVisible = 0;
			defaultConfigurationName = Release;
		};
/* End XCConfigurationList section */
	};
	rootObject = D0AE16BA276D1CA7007F09C0 /* Project object */;
}
